
Microsoft Visual Studio Solution File, Format Version 12.00
Project("{FAE04EC0-301F-11D3-BF4B-00C04F79EFBC}") = "FakerLib", "FakerLib\FakerLib.csproj", "{6F5429B7-C27D-428C-AC03-1A076B9A8D89}"
EndProject
Project("{FAE04EC0-301F-11D3-BF4B-00C04F79EFBC}") = "Example", "Example\Example.csproj", "{6CD14A90-6D2E-431D-8C0F-27EFD6908CDF}"
EndProject
Project("{FAE04EC0-301F-11D3-BF4B-00C04F79EFBC}") = "AdditionalGeneratorsPlugin", "AdditionalGeneratorsPlugin\AdditionalGeneratorsPlugin.csproj", "{9BF8EAFF-D667-4689-8F32-F4FE9E61D8B7}"
EndProject
Project("{FAE04EC0-301F-11D3-BF4B-00C04F79EFBC}") = "ListGeneratorPlugin", "ListGeneratorPlugin\ListGeneratorPlugin.csproj", "{E474861C-B87B-4698-9ACA-A1F84AAEACFF}"
EndProject
Project("{FAE04EC0-301F-11D3-BF4B-00C04F79EFBC}") = "FakerLib.Tests", "FakerLib.Tests\FakerLib.Tests.csproj", "{5A2E553B-3A51-43B0-AEC4-86D3BCD4045D}"
EndProject
Global
	GlobalSection(SolutionConfigurationPlatforms) = preSolution
		Debug|Any CPU = Debug|Any CPU
		Release|Any CPU = Release|Any CPU
	EndGlobalSection
	GlobalSection(ProjectConfigurationPlatforms) = postSolution
		{6F5429B7-C27D-428C-AC03-1A076B9A8D89}.Debug|Any CPU.ActiveCfg = Debug|Any CPU
		{6F5429B7-C27D-428C-AC03-1A076B9A8D89}.Debug|Any CPU.Build.0 = Debug|Any CPU
		{6F5429B7-C27D-428C-AC03-1A076B9A8D89}.Release|Any CPU.ActiveCfg = Release|Any CPU
		{6F5429B7-C27D-428C-AC03-1A076B9A8D89}.Release|Any CPU.Build.0 = Release|Any CPU
		{6CD14A90-6D2E-431D-8C0F-27EFD6908CDF}.Debug|Any CPU.ActiveCfg = Debug|Any CPU
		{6CD14A90-6D2E-431D-8C0F-27EFD6908CDF}.Debug|Any CPU.Build.0 = Debug|Any CPU
		{6CD14A90-6D2E-431D-8C0F-27EFD6908CDF}.Release|Any CPU.ActiveCfg = Release|Any CPU
		{6CD14A90-6D2E-431D-8C0F-27EFD6908CDF}.Release|Any CPU.Build.0 = Release|Any CPU
		{9BF8EAFF-D667-4689-8F32-F4FE9E61D8B7}.Debug|Any CPU.ActiveCfg = Debug|Any CPU
		{9BF8EAFF-D667-4689-8F32-F4FE9E61D8B7}.Debug|Any CPU.Build.0 = Debug|Any CPU
		{9BF8EAFF-D667-4689-8F32-F4FE9E61D8B7}.Release|Any CPU.ActiveCfg = Release|Any CPU
		{9BF8EAFF-D667-4689-8F32-F4FE9E61D8B7}.Release|Any CPU.Build.0 = Release|Any CPU
		{E474861C-B87B-4698-9ACA-A1F84AAEACFF}.Debug|Any CPU.ActiveCfg = Debug|Any CPU
		{E474861C-B87B-4698-9ACA-A1F84AAEACFF}.Debug|Any CPU.Build.0 = Debug|Any CPU
		{E474861C-B87B-4698-9ACA-A1F84AAEACFF}.Release|Any CPU.ActiveCfg = Release|Any CPU
		{E474861C-B87B-4698-9ACA-A1F84AAEACFF}.Release|Any CPU.Build.0 = Release|Any CPU
		{5A2E553B-3A51-43B0-AEC4-86D3BCD4045D}.Debug|Any CPU.ActiveCfg = Debug|Any CPU
		{5A2E553B-3A51-43B0-AEC4-86D3BCD4045D}.Debug|Any CPU.Build.0 = Debug|Any CPU
		{5A2E553B-3A51-43B0-AEC4-86D3BCD4045D}.Release|Any CPU.ActiveCfg = Release|Any CPU
		{5A2E553B-3A51-43B0-AEC4-86D3BCD4045D}.Release|Any CPU.Build.0 = Release|Any CPU
	EndGlobalSection
EndGlobal
